
Microsoft Visual Studio Solution File, Format Version 12.00
# Visual Studio Version 17
VisualStudioVersion = 17.0.31612.314
MinimumVisualStudioVersion = 10.0.40219.1
Project("{9A19103F-16F7-4668-BE54-9A1E7A4F7556}") = "PublicSale.NotificationService.WebHost", "PublicSale.NotificationService\PublicSale.NotificationService.WebHost.csproj", "{816CA98B-373D-4323-BD52-0D706F6F4650}"
EndProject
Project("{FAE04EC0-301F-11D3-BF4B-00C04F79EFBC}") = "PublicSale.NotificationService.DataAccess", "PublicSale.NotificationService.DataAccess\PublicSale.NotificationService.DataAccess.csproj", "{B75C68B7-A741-4902-8D9E-1B6015B53ABD}"
EndProject
Project("{FAE04EC0-301F-11D3-BF4B-00C04F79EFBC}") = "PublicSale.NotificationService.Core", "PublicSale.NotificationService.Core\PublicSale.NotificationService.Core.csproj", "{0ED97CB4-F1CB-4FDE-8FB9-3E7BBF93F4E0}"
EndProject
Global
	GlobalSection(SolutionConfigurationPlatforms) = preSolution
		Debug|Any CPU = Debug|Any CPU
		Release|Any CPU = Release|Any CPU
	EndGlobalSection
	GlobalSection(ProjectConfigurationPlatforms) = postSolution
		{816CA98B-373D-4323-BD52-0D706F6F4650}.Debug|Any CPU.ActiveCfg = Debug|Any CPU
		{816CA98B-373D-4323-BD52-0D706F6F4650}.Debug|Any CPU.Build.0 = Debug|Any CPU
		{816CA98B-373D-4323-BD52-0D706F6F4650}.Release|Any CPU.ActiveCfg = Release|Any CPU
		{816CA98B-373D-4323-BD52-0D706F6F4650}.Release|Any CPU.Build.0 = Release|Any CPU
		{B75C68B7-A741-4902-8D9E-1B6015B53ABD}.Debug|Any CPU.ActiveCfg = Debug|Any CPU
		{B75C68B7-A741-4902-8D9E-1B6015B53ABD}.Debug|Any CPU.Build.0 = Debug|Any CPU
		{B75C68B7-A741-4902-8D9E-1B6015B53ABD}.Release|Any CPU.ActiveCfg = Release|Any CPU
		{B75C68B7-A741-4902-8D9E-1B6015B53ABD}.Release|Any CPU.Build.0 = Release|Any CPU
		{0ED97CB4-F1CB-4FDE-8FB9-3E7BBF93F4E0}.Debug|Any CPU.ActiveCfg = Debug|Any CPU
		{0ED97CB4-F1CB-4FDE-8FB9-3E7BBF93F4E0}.Debug|Any CPU.Build.0 = Debug|Any CPU
		{0ED97CB4-F1CB-4FDE-8FB9-3E7BBF93F4E0}.Release|Any CPU.ActiveCfg = Release|Any CPU
		{0ED97CB4-F1CB-4FDE-8FB9-3E7BBF93F4E0}.Release|Any CPU.Build.0 = Release|Any CPU
	EndGlobalSection
	GlobalSection(SolutionProperties) = preSolution
		HideSolutionNode = FALSE
	EndGlobalSection
	GlobalSection(ExtensibilityGlobals) = postSolution
		SolutionGuid = {78BA3D73-40F6-42C9-B8AC-D3213DF669CC}
	EndGlobalSection
EndGlobal
